
Microsoft Visual Studio Solution File, Format Version 12.00
# Visual Studio Version 17
VisualStudioVersion = 17.13.35931.197
MinimumVisualStudioVersion = 10.0.40219.1
Project("{FAE04EC0-301F-11D3-BF4B-00C04F79EFBC}") = "PrinterDiscoveryService", "PrinterDiscoveryService\PrinterDiscoveryService.csproj", "{774849AD-3909-0430-86D9-EBE4AA82A0B6}"
EndProject
Project("{FAE04EC0-301F-11D3-BF4B-00C04F79EFBC}") = "UltimakerManager.AppHost", "UltimakerManager.AppHost\UltimakerManager.AppHost.csproj", "{A12457A4-6C1F-4B41-ACEF-0AAE04142D8D}"
EndProject
Project("{FAE04EC0-301F-11D3-BF4B-00C04F79EFBC}") = "UltimakerManager.ServiceDefaults", "UltimakerManager.ServiceDefaults\UltimakerManager.ServiceDefaults.csproj", "{EE611431-E891-AA8B-6D29-33DDC3C8027B}"
EndProject
Project("{FAE04EC0-301F-11D3-BF4B-00C04F79EFBC}") = "UltimakerPrinterDeviceManager", "UltimakerPrinterDeviceManager\UltimakerPrinterDeviceManager.csproj", "{5220FFDE-ACE2-B95F-C137-F4750AE49BC9}"
EndProject
Project("{2150E333-8FDC-42A3-9474-1A3956D46DE8}") = "Aspire", "Aspire", "{02EA681E-C7D8-13C7-8484-4AC65E1B71E8}"
EndProject
Global
	GlobalSection(SolutionConfigurationPlatforms) = preSolution
		Debug|Any CPU = Debug|Any CPU
		Release|Any CPU = Release|Any CPU
	EndGlobalSection
	GlobalSection(ProjectConfigurationPlatforms) = postSolution
		{774849AD-3909-0430-86D9-EBE4AA82A0B6}.Debug|Any CPU.ActiveCfg = Debug|Any CPU
		{774849AD-3909-0430-86D9-EBE4AA82A0B6}.Debug|Any CPU.Build.0 = Debug|Any CPU
		{774849AD-3909-0430-86D9-EBE4AA82A0B6}.Release|Any CPU.ActiveCfg = Release|Any CPU
		{774849AD-3909-0430-86D9-EBE4AA82A0B6}.Release|Any CPU.Build.0 = Release|Any CPU
		{A12457A4-6C1F-4B41-ACEF-0AAE04142D8D}.Debug|Any CPU.ActiveCfg = Debug|Any CPU
		{A12457A4-6C1F-4B41-ACEF-0AAE04142D8D}.Debug|Any CPU.Build.0 = Debug|Any CPU
		{A12457A4-6C1F-4B41-ACEF-0AAE04142D8D}.Release|Any CPU.ActiveCfg = Release|Any CPU
		{A12457A4-6C1F-4B41-ACEF-0AAE04142D8D}.Release|Any CPU.Build.0 = Release|Any CPU
		{EE611431-E891-AA8B-6D29-33DDC3C8027B}.Debug|Any CPU.ActiveCfg = Debug|Any CPU
		{EE611431-E891-AA8B-6D29-33DDC3C8027B}.Debug|Any CPU.Build.0 = Debug|Any CPU
		{EE611431-E891-AA8B-6D29-33DDC3C8027B}.Release|Any CPU.ActiveCfg = Release|Any CPU
		{EE611431-E891-AA8B-6D29-33DDC3C8027B}.Release|Any CPU.Build.0 = Release|Any CPU
		{5220FFDE-ACE2-B95F-C137-F4750AE49BC9}.Debug|Any CPU.ActiveCfg = Debug|Any CPU
		{5220FFDE-ACE2-B95F-C137-F4750AE49BC9}.Debug|Any CPU.Build.0 = Debug|Any CPU
		{5220FFDE-ACE2-B95F-C137-F4750AE49BC9}.Release|Any CPU.ActiveCfg = Release|Any CPU
		{5220FFDE-ACE2-B95F-C137-F4750AE49BC9}.Release|Any CPU.Build.0 = Release|Any CPU
	EndGlobalSection
	GlobalSection(SolutionProperties) = preSolution
		HideSolutionNode = FALSE
	EndGlobalSection
	GlobalSection(NestedProjects) = preSolution
		{A12457A4-6C1F-4B41-ACEF-0AAE04142D8D} = {02EA681E-C7D8-13C7-8484-4AC65E1B71E8}
		{EE611431-E891-AA8B-6D29-33DDC3C8027B} = {02EA681E-C7D8-13C7-8484-4AC65E1B71E8}
	EndGlobalSection
	GlobalSection(ExtensibilityGlobals) = postSolution
		SolutionGuid = {09485ED2-A148-4271-AA8A-D710F96A8ED7}
	EndGlobalSection
EndGlobal
